
Microsoft Visual Studio Solution File, Format Version 12.00
# Visual Studio Version 16
VisualStudioVersion = 16.0.33920.266
MinimumVisualStudioVersion = 10.0.40219.1
Project("{FAE04EC0-301F-11D3-BF4B-00C04F79EFBC}") = "Num_Par_o_Impar", "Num_Par_o_Impar\Num_Par_o_Impar.csproj", "{4D7BD2E4-29AB-4AF1-AF81-C6B040EA8ADA}"
EndProject
Global
	GlobalSection(SolutionConfigurationPlatforms) = preSolution
		Debug|Any CPU = Debug|Any CPU
		Release|Any CPU = Release|Any CPU
	EndGlobalSection
	GlobalSection(ProjectConfigurationPlatforms) = postSolution
		{4D7BD2E4-29AB-4AF1-AF81-C6B040EA8ADA}.Debug|Any CPU.ActiveCfg = Debug|Any CPU
		{4D7BD2E4-29AB-4AF1-AF81-C6B040EA8ADA}.Debug|Any CPU.Build.0 = Debug|Any CPU
		{4D7BD2E4-29AB-4AF1-AF81-C6B040EA8ADA}.Release|Any CPU.ActiveCfg = Release|Any CPU
		{4D7BD2E4-29AB-4AF1-AF81-C6B040EA8ADA}.Release|Any CPU.Build.0 = Release|Any CPU
	EndGlobalSection
	GlobalSection(SolutionProperties) = preSolution
		HideSolutionNode = FALSE
	EndGlobalSection
	GlobalSection(ExtensibilityGlobals) = postSolution
		SolutionGuid = {973FD9DD-EDB9-4302-957E-7BAAD6AB4764}
	EndGlobalSection
EndGlobal
