
Microsoft Visual Studio Solution File, Format Version 12.00
# Visual Studio Version 17
VisualStudioVersion = 17.14.36310.24 d17.14
MinimumVisualStudioVersion = 10.0.40219.1
Project("{FAE04EC0-301F-11D3-BF4B-00C04F79EFBC}") = "menuTareas", "menuTareas\menuTareas.csproj", "{086692F4-0842-4B4B-B500-A90441CAC540}"
EndProject
Global
	GlobalSection(SolutionConfigurationPlatforms) = preSolution
		Debug|Any CPU = Debug|Any CPU
		Release|Any CPU = Release|Any CPU
	EndGlobalSection
	GlobalSection(ProjectConfigurationPlatforms) = postSolution
		{086692F4-0842-4B4B-B500-A90441CAC540}.Debug|Any CPU.ActiveCfg = Debug|Any CPU
		{086692F4-0842-4B4B-B500-A90441CAC540}.Debug|Any CPU.Build.0 = Debug|Any CPU
		{086692F4-0842-4B4B-B500-A90441CAC540}.Release|Any CPU.ActiveCfg = Release|Any CPU
		{086692F4-0842-4B4B-B500-A90441CAC540}.Release|Any CPU.Build.0 = Release|Any CPU
	EndGlobalSection
	GlobalSection(SolutionProperties) = preSolution
		HideSolutionNode = FALSE
	EndGlobalSection
	GlobalSection(ExtensibilityGlobals) = postSolution
		SolutionGuid = {A2D79FA4-37E6-4943-9C04-85E2F86D9D1E}
	EndGlobalSection
EndGlobal
